
Microsoft Visual Studio Solution File, Format Version 12.00
Project("{FAE04EC0-301F-11D3-BF4B-00C04F79EFBC}") = "ServiceWakeupFunction", "ServiceWakeupFunction\ServiceWakeupFunction.csproj", "{36C3C6EE-194D-469F-9329-F9246035DAC0}"
EndProject
Global
	GlobalSection(SolutionConfigurationPlatforms) = preSolution
		Debug|Any CPU = Debug|Any CPU
		Release|Any CPU = Release|Any CPU
	EndGlobalSection
	GlobalSection(ProjectConfigurationPlatforms) = postSolution
		{36C3C6EE-194D-469F-9329-F9246035DAC0}.Debug|Any CPU.ActiveCfg = Debug|Any CPU
		{36C3C6EE-194D-469F-9329-F9246035DAC0}.Debug|Any CPU.Build.0 = Debug|Any CPU
		{36C3C6EE-194D-469F-9329-F9246035DAC0}.Release|Any CPU.ActiveCfg = Release|Any CPU
		{36C3C6EE-194D-469F-9329-F9246035DAC0}.Release|Any CPU.Build.0 = Release|Any CPU
	EndGlobalSection
EndGlobal
